
Microsoft Visual Studio Solution File, Format Version 12.00
# Visual Studio Version 17
VisualStudioVersion = 17.12.35527.113
MinimumVisualStudioVersion = 10.0.40219.1
Project("{FAE04EC0-301F-11D3-BF4B-00C04F79EFBC}") = "rohitDotNet", "rohitDotNet.csproj", "{56875457-D5BD-4B32-BEAE-CE051EDCA305}"
EndProject
Project("{FAE04EC0-301F-11D3-BF4B-00C04F79EFBC}") = "Inheritence", "..\Inheritence\Inheritence.csproj", "{BD3D6B92-2EEF-4DCE-AC18-0D25125095FA}"
EndProject
Project("{FAE04EC0-301F-11D3-BF4B-00C04F79EFBC}") = "Inherit2", "..\Inherit2\Inherit2.csproj", "{21BA4C32-16F7-48CB-8E60-08F293D2BD34}"
EndProject
Project("{FAE04EC0-301F-11D3-BF4B-00C04F79EFBC}") = "OOPInterface1", "..\OOPInterface1\OOPInterface1.csproj", "{EEE24A3B-EDB3-4E88-8AE2-4A177DC95D4B}"
EndProject
Project("{FAE04EC0-301F-11D3-BF4B-00C04F79EFBC}") = "OOPAbstract", "..\OOPAbstract\OOPAbstract.csproj", "{DC195D09-AC5C-452B-A5B3-21A7341C07EA}"
EndProject
Project("{FAE04EC0-301F-11D3-BF4B-00C04F79EFBC}") = "OOPLogger", "..\OOPLogger\OOPLogger.csproj", "{1263D49F-F723-4522-993A-88C0239145AD}"
EndProject
Project("{FAE04EC0-301F-11D3-BF4B-00C04F79EFBC}") = "OOPNotepad", "..\OOPNotepad\OOPNotepad.csproj", "{B316263F-67D2-460E-A351-93E24ED0CAF4}"
EndProject
Project("{FAE04EC0-301F-11D3-BF4B-00C04F79EFBC}") = "10OOPproperties", "..\10OOPproperties\10OOPproperties.csproj", "{D2298CEC-1689-4FD7-AC24-4D602DB29D4D}"
EndProject
Project("{FAE04EC0-301F-11D3-BF4B-00C04F79EFBC}") = "11ClickEvent", "..\11ClickEvent\11ClickEvent.csproj", "{A598EB6B-BD8B-4944-877D-7542F4A1AB04}"
EndProject
Project("{FAE04EC0-301F-11D3-BF4B-00C04F79EFBC}") = "12Delegate", "..\12Delegate\12Delegate.csproj", "{5E713F18-6CAD-40AC-B10B-564027C63271}"
EndProject
Project("{FAE04EC0-301F-11D3-BF4B-00C04F79EFBC}") = "13Event", "..\13Event\13Event.csproj", "{AB0ABE7E-1295-4720-AD36-CBC54FA019F0}"
EndProject
Project("{FAE04EC0-301F-11D3-BF4B-00C04F79EFBC}") = "14Collections", "..\14Collections\14Collections.csproj", "{A0B8F7EC-1EAF-4C12-BC50-7C6772838BB5}"
EndProject
Project("{FAE04EC0-301F-11D3-BF4B-00C04F79EFBC}") = "15GenericCollection", "..\15GenericCollection\15GenericCollection.csproj", "{C10BE33D-8FE8-41F9-81EE-7341416BF9D4}"
EndProject
Project("{FAE04EC0-301F-11D3-BF4B-00C04F79EFBC}") = "16GenericCollections", "..\16GenericCollections\16GenericCollections.csproj", "{07FDD6F4-B4FF-4FEC-ADBA-06A2387DFD51}"
EndProject
Project("{FAE04EC0-301F-11D3-BF4B-00C04F79EFBC}") = "17MyLib", "..\17MyLib\17MyLib.csproj", "{B9412719-137C-4E23-B640-A3A678B5E93A}"
EndProject
Project("{FAE04EC0-301F-11D3-BF4B-00C04F79EFBC}") = "02CoreConsoleTemplate", "..\02CoreConsoleTemplate\02CoreConsoleTemplate.csproj", "{E21DAE71-A701-485E-A8D6-746656B1F4D8}"
EndProject
Project("{FAE04EC0-301F-11D3-BF4B-00C04F79EFBC}") = "03BasicsandDatatypes", "..\03BasicsandDatatypes\03BasicsandDatatypes.csproj", "{616AC65A-19B6-4D0D-B572-3E0A5058F46F}"
EndProject
Project("{FAE04EC0-301F-11D3-BF4B-00C04F79EFBC}") = "04OOPBasics", "..\04OOPBasics\04OOPBasics.csproj", "{874519E8-E934-4D25-AB9D-ABCA39C47AB9}"
EndProject
Project("{FAE04EC0-301F-11D3-BF4B-00C04F79EFBC}") = "18HostForMyLib", "..\18HostForMyLib\18HostForMyLib.csproj", "{2760757E-907D-457D-8A14-83DEE77D986F}"
EndProject
Project("{FAE04EC0-301F-11D3-BF4B-00C04F79EFBC}") = "_21Reflection", "..\_21Reflection\_21Reflection.csproj", "{7B905DE4-BAA0-4DB3-8BA0-C58F8B1E7125}"
EndProject
Project("{FAE04EC0-301F-11D3-BF4B-00C04F79EFBC}") = "20CMathLib1", "..\20CMathLib1\20CMathLib1.csproj", "{4DAA6804-5BE9-4D34-882E-398A682CC53E}"
EndProject
Project("{FAE04EC0-301F-11D3-BF4B-00C04F79EFBC}") = "19FileIOSerialization", "..\19FileIOSerialization\19FileIOSerialization.csproj", "{B0B26531-5E8A-41B0-B3FC-5279ADFE6B03}"
EndProject
Project("{FAE04EC0-301F-11D3-BF4B-00C04F79EFBC}") = "29LINQ", "..\29LINQ\29LINQ.csproj", "{7092C515-DCB0-45EC-B529-218A15D988B4}"
EndProject
Project("{FAE04EC0-301F-11D3-BF4B-00C04F79EFBC}") = "30LINQ", "..\30LINQ\30LINQ.csproj", "{7F022C09-D8AA-4FD9-9E04-56649868EDD6}"
EndProject
Project("{FAE04EC0-301F-11D3-BF4B-00C04F79EFBC}") = "31ConnectedArchitectureDb", "..\31ConnectedArchitectureDb\31ConnectedArchitectureDb.csproj", "{DBB713AF-6FB1-4D2D-9345-71C1D5262FAB}"
EndProject
Project("{FAE04EC0-301F-11D3-BF4B-00C04F79EFBC}") = "32DisconnectedArchitectureDB", "..\32DisconnectedArchitectureDB\32DisconnectedArchitectureDB.csproj", "{D71CCFE2-6409-4FEC-84C4-3BDF71D6DDC5}"
EndProject
Project("{FAE04EC0-301F-11D3-BF4B-00C04F79EFBC}") = "33ConnectedWithDataset", "..\33ConnectedWithDataset\33ConnectedWithDataset.csproj", "{A425B2D9-9768-4554-B75C-88E42DA0B87A}"
EndProject
Project("{FAE04EC0-301F-11D3-BF4B-00C04F79EFBC}") = "34EntityFramework", "..\34EntityFramework\34EntityFramework.csproj", "{62FD607C-5875-4DA8-8BB1-291B3B222B60}"
EndProject
Project("{FAE04EC0-301F-11D3-BF4B-00C04F79EFBC}") = "35Threading", "..\35Threading\35Threading.csproj", "{3D698571-6BA8-4696-853F-31C3D237DDFB}"
EndProject
Project("{FAE04EC0-301F-11D3-BF4B-00C04F79EFBC}") = "36Threading", "..\36Threading\36Threading.csproj", "{50008653-7A5D-436A-B579-34C96A45F51D}"
EndProject
Global
	GlobalSection(SolutionConfigurationPlatforms) = preSolution
		Debug|Any CPU = Debug|Any CPU
		Release|Any CPU = Release|Any CPU
	EndGlobalSection
	GlobalSection(ProjectConfigurationPlatforms) = postSolution
		{56875457-D5BD-4B32-BEAE-CE051EDCA305}.Debug|Any CPU.ActiveCfg = Debug|Any CPU
		{56875457-D5BD-4B32-BEAE-CE051EDCA305}.Debug|Any CPU.Build.0 = Debug|Any CPU
		{56875457-D5BD-4B32-BEAE-CE051EDCA305}.Release|Any CPU.ActiveCfg = Release|Any CPU
		{56875457-D5BD-4B32-BEAE-CE051EDCA305}.Release|Any CPU.Build.0 = Release|Any CPU
		{BD3D6B92-2EEF-4DCE-AC18-0D25125095FA}.Debug|Any CPU.ActiveCfg = Debug|Any CPU
		{BD3D6B92-2EEF-4DCE-AC18-0D25125095FA}.Debug|Any CPU.Build.0 = Debug|Any CPU
		{BD3D6B92-2EEF-4DCE-AC18-0D25125095FA}.Release|Any CPU.ActiveCfg = Release|Any CPU
		{BD3D6B92-2EEF-4DCE-AC18-0D25125095FA}.Release|Any CPU.Build.0 = Release|Any CPU
		{21BA4C32-16F7-48CB-8E60-08F293D2BD34}.Debug|Any CPU.ActiveCfg = Debug|Any CPU
		{21BA4C32-16F7-48CB-8E60-08F293D2BD34}.Debug|Any CPU.Build.0 = Debug|Any CPU
		{21BA4C32-16F7-48CB-8E60-08F293D2BD34}.Release|Any CPU.ActiveCfg = Release|Any CPU
		{21BA4C32-16F7-48CB-8E60-08F293D2BD34}.Release|Any CPU.Build.0 = Release|Any CPU
		{EEE24A3B-EDB3-4E88-8AE2-4A177DC95D4B}.Debug|Any CPU.ActiveCfg = Debug|Any CPU
		{EEE24A3B-EDB3-4E88-8AE2-4A177DC95D4B}.Debug|Any CPU.Build.0 = Debug|Any CPU
		{EEE24A3B-EDB3-4E88-8AE2-4A177DC95D4B}.Release|Any CPU.ActiveCfg = Release|Any CPU
		{EEE24A3B-EDB3-4E88-8AE2-4A177DC95D4B}.Release|Any CPU.Build.0 = Release|Any CPU
		{DC195D09-AC5C-452B-A5B3-21A7341C07EA}.Debug|Any CPU.ActiveCfg = Debug|Any CPU
		{DC195D09-AC5C-452B-A5B3-21A7341C07EA}.Debug|Any CPU.Build.0 = Debug|Any CPU
		{DC195D09-AC5C-452B-A5B3-21A7341C07EA}.Release|Any CPU.ActiveCfg = Release|Any CPU
		{DC195D09-AC5C-452B-A5B3-21A7341C07EA}.Release|Any CPU.Build.0 = Release|Any CPU
		{1263D49F-F723-4522-993A-88C0239145AD}.Debug|Any CPU.ActiveCfg = Debug|Any CPU
		{1263D49F-F723-4522-993A-88C0239145AD}.Debug|Any CPU.Build.0 = Debug|Any CPU
		{1263D49F-F723-4522-993A-88C0239145AD}.Release|Any CPU.ActiveCfg = Release|Any CPU
		{1263D49F-F723-4522-993A-88C0239145AD}.Release|Any CPU.Build.0 = Release|Any CPU
		{B316263F-67D2-460E-A351-93E24ED0CAF4}.Debug|Any CPU.ActiveCfg = Debug|Any CPU
		{B316263F-67D2-460E-A351-93E24ED0CAF4}.Debug|Any CPU.Build.0 = Debug|Any CPU
		{B316263F-67D2-460E-A351-93E24ED0CAF4}.Release|Any CPU.ActiveCfg = Release|Any CPU
		{B316263F-67D2-460E-A351-93E24ED0CAF4}.Release|Any CPU.Build.0 = Release|Any CPU
		{D2298CEC-1689-4FD7-AC24-4D602DB29D4D}.Debug|Any CPU.ActiveCfg = Debug|Any CPU
		{D2298CEC-1689-4FD7-AC24-4D602DB29D4D}.Debug|Any CPU.Build.0 = Debug|Any CPU
		{D2298CEC-1689-4FD7-AC24-4D602DB29D4D}.Release|Any CPU.ActiveCfg = Release|Any CPU
		{D2298CEC-1689-4FD7-AC24-4D602DB29D4D}.Release|Any CPU.Build.0 = Release|Any CPU
		{A598EB6B-BD8B-4944-877D-7542F4A1AB04}.Debug|Any CPU.ActiveCfg = Debug|Any CPU
		{A598EB6B-BD8B-4944-877D-7542F4A1AB04}.Debug|Any CPU.Build.0 = Debug|Any CPU
		{A598EB6B-BD8B-4944-877D-7542F4A1AB04}.Release|Any CPU.ActiveCfg = Release|Any CPU
		{A598EB6B-BD8B-4944-877D-7542F4A1AB04}.Release|Any CPU.Build.0 = Release|Any CPU
		{5E713F18-6CAD-40AC-B10B-564027C63271}.Debug|Any CPU.ActiveCfg = Debug|Any CPU
		{5E713F18-6CAD-40AC-B10B-564027C63271}.Debug|Any CPU.Build.0 = Debug|Any CPU
		{5E713F18-6CAD-40AC-B10B-564027C63271}.Release|Any CPU.ActiveCfg = Release|Any CPU
		{5E713F18-6CAD-40AC-B10B-564027C63271}.Release|Any CPU.Build.0 = Release|Any CPU
		{AB0ABE7E-1295-4720-AD36-CBC54FA019F0}.Debug|Any CPU.ActiveCfg = Debug|Any CPU
		{AB0ABE7E-1295-4720-AD36-CBC54FA019F0}.Debug|Any CPU.Build.0 = Debug|Any CPU
		{AB0ABE7E-1295-4720-AD36-CBC54FA019F0}.Release|Any CPU.ActiveCfg = Release|Any CPU
		{AB0ABE7E-1295-4720-AD36-CBC54FA019F0}.Release|Any CPU.Build.0 = Release|Any CPU
		{A0B8F7EC-1EAF-4C12-BC50-7C6772838BB5}.Debug|Any CPU.ActiveCfg = Debug|Any CPU
		{A0B8F7EC-1EAF-4C12-BC50-7C6772838BB5}.Debug|Any CPU.Build.0 = Debug|Any CPU
		{A0B8F7EC-1EAF-4C12-BC50-7C6772838BB5}.Release|Any CPU.ActiveCfg = Release|Any CPU
		{A0B8F7EC-1EAF-4C12-BC50-7C6772838BB5}.Release|Any CPU.Build.0 = Release|Any CPU
		{C10BE33D-8FE8-41F9-81EE-7341416BF9D4}.Debug|Any CPU.ActiveCfg = Debug|Any CPU
		{C10BE33D-8FE8-41F9-81EE-7341416BF9D4}.Debug|Any CPU.Build.0 = Debug|Any CPU
		{C10BE33D-8FE8-41F9-81EE-7341416BF9D4}.Release|Any CPU.ActiveCfg = Release|Any CPU
		{C10BE33D-8FE8-41F9-81EE-7341416BF9D4}.Release|Any CPU.Build.0 = Release|Any CPU
		{07FDD6F4-B4FF-4FEC-ADBA-06A2387DFD51}.Debug|Any CPU.ActiveCfg = Debug|Any CPU
		{07FDD6F4-B4FF-4FEC-ADBA-06A2387DFD51}.Debug|Any CPU.Build.0 = Debug|Any CPU
		{07FDD6F4-B4FF-4FEC-ADBA-06A2387DFD51}.Release|Any CPU.ActiveCfg = Release|Any CPU
		{07FDD6F4-B4FF-4FEC-ADBA-06A2387DFD51}.Release|Any CPU.Build.0 = Release|Any CPU
		{B9412719-137C-4E23-B640-A3A678B5E93A}.Debug|Any CPU.ActiveCfg = Debug|Any CPU
		{B9412719-137C-4E23-B640-A3A678B5E93A}.Debug|Any CPU.Build.0 = Debug|Any CPU
		{B9412719-137C-4E23-B640-A3A678B5E93A}.Release|Any CPU.ActiveCfg = Release|Any CPU
		{B9412719-137C-4E23-B640-A3A678B5E93A}.Release|Any CPU.Build.0 = Release|Any CPU
		{E21DAE71-A701-485E-A8D6-746656B1F4D8}.Debug|Any CPU.ActiveCfg = Debug|Any CPU
		{E21DAE71-A701-485E-A8D6-746656B1F4D8}.Debug|Any CPU.Build.0 = Debug|Any CPU
		{E21DAE71-A701-485E-A8D6-746656B1F4D8}.Release|Any CPU.ActiveCfg = Release|Any CPU
		{E21DAE71-A701-485E-A8D6-746656B1F4D8}.Release|Any CPU.Build.0 = Release|Any CPU
		{616AC65A-19B6-4D0D-B572-3E0A5058F46F}.Debug|Any CPU.ActiveCfg = Debug|Any CPU
		{616AC65A-19B6-4D0D-B572-3E0A5058F46F}.Debug|Any CPU.Build.0 = Debug|Any CPU
		{616AC65A-19B6-4D0D-B572-3E0A5058F46F}.Release|Any CPU.ActiveCfg = Release|Any CPU
		{616AC65A-19B6-4D0D-B572-3E0A5058F46F}.Release|Any CPU.Build.0 = Release|Any CPU
		{874519E8-E934-4D25-AB9D-ABCA39C47AB9}.Debug|Any CPU.ActiveCfg = Debug|Any CPU
		{874519E8-E934-4D25-AB9D-ABCA39C47AB9}.Debug|Any CPU.Build.0 = Debug|Any CPU
		{874519E8-E934-4D25-AB9D-ABCA39C47AB9}.Release|Any CPU.ActiveCfg = Release|Any CPU
		{874519E8-E934-4D25-AB9D-ABCA39C47AB9}.Release|Any CPU.Build.0 = Release|Any CPU
		{2760757E-907D-457D-8A14-83DEE77D986F}.Debug|Any CPU.ActiveCfg = Debug|Any CPU
		{2760757E-907D-457D-8A14-83DEE77D986F}.Debug|Any CPU.Build.0 = Debug|Any CPU
		{2760757E-907D-457D-8A14-83DEE77D986F}.Release|Any CPU.ActiveCfg = Release|Any CPU
		{2760757E-907D-457D-8A14-83DEE77D986F}.Release|Any CPU.Build.0 = Release|Any CPU
		{7B905DE4-BAA0-4DB3-8BA0-C58F8B1E7125}.Debug|Any CPU.ActiveCfg = Debug|Any CPU
		{7B905DE4-BAA0-4DB3-8BA0-C58F8B1E7125}.Debug|Any CPU.Build.0 = Debug|Any CPU
		{7B905DE4-BAA0-4DB3-8BA0-C58F8B1E7125}.Release|Any CPU.ActiveCfg = Release|Any CPU
		{7B905DE4-BAA0-4DB3-8BA0-C58F8B1E7125}.Release|Any CPU.Build.0 = Release|Any CPU
		{4DAA6804-5BE9-4D34-882E-398A682CC53E}.Debug|Any CPU.ActiveCfg = Debug|Any CPU
		{4DAA6804-5BE9-4D34-882E-398A682CC53E}.Debug|Any CPU.Build.0 = Debug|Any CPU
		{4DAA6804-5BE9-4D34-882E-398A682CC53E}.Release|Any CPU.ActiveCfg = Release|Any CPU
		{4DAA6804-5BE9-4D34-882E-398A682CC53E}.Release|Any CPU.Build.0 = Release|Any CPU
		{B0B26531-5E8A-41B0-B3FC-5279ADFE6B03}.Debug|Any CPU.ActiveCfg = Debug|Any CPU
		{B0B26531-5E8A-41B0-B3FC-5279ADFE6B03}.Debug|Any CPU.Build.0 = Debug|Any CPU
		{B0B26531-5E8A-41B0-B3FC-5279ADFE6B03}.Release|Any CPU.ActiveCfg = Release|Any CPU
		{B0B26531-5E8A-41B0-B3FC-5279ADFE6B03}.Release|Any CPU.Build.0 = Release|Any CPU
		{7092C515-DCB0-45EC-B529-218A15D988B4}.Debug|Any CPU.ActiveCfg = Debug|Any CPU
		{7092C515-DCB0-45EC-B529-218A15D988B4}.Debug|Any CPU.Build.0 = Debug|Any CPU
		{7092C515-DCB0-45EC-B529-218A15D988B4}.Release|Any CPU.ActiveCfg = Release|Any CPU
		{7092C515-DCB0-45EC-B529-218A15D988B4}.Release|Any CPU.Build.0 = Release|Any CPU
		{7F022C09-D8AA-4FD9-9E04-56649868EDD6}.Debug|Any CPU.ActiveCfg = Debug|Any CPU
		{7F022C09-D8AA-4FD9-9E04-56649868EDD6}.Debug|Any CPU.Build.0 = Debug|Any CPU
		{7F022C09-D8AA-4FD9-9E04-56649868EDD6}.Release|Any CPU.ActiveCfg = Release|Any CPU
		{7F022C09-D8AA-4FD9-9E04-56649868EDD6}.Release|Any CPU.Build.0 = Release|Any CPU
		{DBB713AF-6FB1-4D2D-9345-71C1D5262FAB}.Debug|Any CPU.ActiveCfg = Debug|Any CPU
		{DBB713AF-6FB1-4D2D-9345-71C1D5262FAB}.Debug|Any CPU.Build.0 = Debug|Any CPU
		{DBB713AF-6FB1-4D2D-9345-71C1D5262FAB}.Release|Any CPU.ActiveCfg = Release|Any CPU
		{DBB713AF-6FB1-4D2D-9345-71C1D5262FAB}.Release|Any CPU.Build.0 = Release|Any CPU
		{D71CCFE2-6409-4FEC-84C4-3BDF71D6DDC5}.Debug|Any CPU.ActiveCfg = Debug|Any CPU
		{D71CCFE2-6409-4FEC-84C4-3BDF71D6DDC5}.Debug|Any CPU.Build.0 = Debug|Any CPU
		{D71CCFE2-6409-4FEC-84C4-3BDF71D6DDC5}.Release|Any CPU.ActiveCfg = Release|Any CPU
		{D71CCFE2-6409-4FEC-84C4-3BDF71D6DDC5}.Release|Any CPU.Build.0 = Release|Any CPU
		{A425B2D9-9768-4554-B75C-88E42DA0B87A}.Debug|Any CPU.ActiveCfg = Debug|Any CPU
		{A425B2D9-9768-4554-B75C-88E42DA0B87A}.Debug|Any CPU.Build.0 = Debug|Any CPU
		{A425B2D9-9768-4554-B75C-88E42DA0B87A}.Release|Any CPU.ActiveCfg = Release|Any CPU
		{A425B2D9-9768-4554-B75C-88E42DA0B87A}.Release|Any CPU.Build.0 = Release|Any CPU
		{62FD607C-5875-4DA8-8BB1-291B3B222B60}.Debug|Any CPU.ActiveCfg = Debug|Any CPU
		{62FD607C-5875-4DA8-8BB1-291B3B222B60}.Debug|Any CPU.Build.0 = Debug|Any CPU
		{62FD607C-5875-4DA8-8BB1-291B3B222B60}.Release|Any CPU.ActiveCfg = Release|Any CPU
		{62FD607C-5875-4DA8-8BB1-291B3B222B60}.Release|Any CPU.Build.0 = Release|Any CPU
		{3D698571-6BA8-4696-853F-31C3D237DDFB}.Debug|Any CPU.ActiveCfg = Debug|Any CPU
		{3D698571-6BA8-4696-853F-31C3D237DDFB}.Debug|Any CPU.Build.0 = Debug|Any CPU
		{3D698571-6BA8-4696-853F-31C3D237DDFB}.Release|Any CPU.ActiveCfg = Release|Any CPU
		{3D698571-6BA8-4696-853F-31C3D237DDFB}.Release|Any CPU.Build.0 = Release|Any CPU
		{50008653-7A5D-436A-B579-34C96A45F51D}.Debug|Any CPU.ActiveCfg = Debug|Any CPU
		{50008653-7A5D-436A-B579-34C96A45F51D}.Debug|Any CPU.Build.0 = Debug|Any CPU
		{50008653-7A5D-436A-B579-34C96A45F51D}.Release|Any CPU.ActiveCfg = Release|Any CPU
		{50008653-7A5D-436A-B579-34C96A45F51D}.Release|Any CPU.Build.0 = Release|Any CPU
	EndGlobalSection
	GlobalSection(SolutionProperties) = preSolution
		HideSolutionNode = FALSE
	EndGlobalSection
EndGlobal
